
Microsoft Visual Studio Solution File, Format Version 12.00
# Visual Studio 14
VisualStudioVersion = 14.0.25420.1
MinimumVisualStudioVersion = 10.0.40219.1
Project("{FAE04EC0-301F-11D3-BF4B-00C04F79EFBC}") = "Lib", "Lib\Lib.csproj", "{DC8D38B4-094A-4C84-9BFD-A1B64B7F7846}"
EndProject
Project("{FAE04EC0-301F-11D3-BF4B-00C04F79EFBC}") = "Lib.Tests", "Lib.Tests\Lib.Tests.csproj", "{8C96EB4A-96B4-45C3-AF53-AC8274DDC7E7}"
EndProject
Project("{FAE04EC0-301F-11D3-BF4B-00C04F79EFBC}") = "GraphMaster", "GraphMaster\GraphMaster.csproj", "{3D00C783-0B14-47AD-B8AE-68081AEAF8EC}"
EndProject
Project("{FAE04EC0-301F-11D3-BF4B-00C04F79EFBC}") = "Sea", "Sea\Sea.csproj", "{3B5827C5-6ADC-4CE2-8CA8-1DEA67709BF6}"
EndProject
Project("{2150E333-8FDC-42A3-9474-1A3956D46DE8}") = ".nuget", ".nuget", "{E182D307-BC9F-4266-8027-B499801E0087}"
	ProjectSection(SolutionItems) = preProject
		.nuget\packages.config = .nuget\packages.config
	EndProjectSection
EndProject
Project("{FAE04EC0-301F-11D3-BF4B-00C04F79EFBC}") = "Test", "Test\Test.csproj", "{3EA6658E-B016-45BC-809A-0279BE5AEC2B}"
EndProject
Project("{FAE04EC0-301F-11D3-BF4B-00C04F79EFBC}") = "DrawBox", "DrawBox\DrawBox.csproj", "{23A42E30-9EA4-4BD7-A627-000DFBDC3F23}"
EndProject
Project("{FAE04EC0-301F-11D3-BF4B-00C04F79EFBC}") = "GridMaster", "GridMaster\GridMaster.csproj", "{CC93780F-0B62-47EA-AD24-5503B4CF513B}"
EndProject
Project("{FAE04EC0-301F-11D3-BF4B-00C04F79EFBC}") = "Hydro", "Hydro\Hydro.csproj", "{7AFE90F6-694C-4963-A5DF-17CABFDE6B09}"
EndProject
Project("{FAE04EC0-301F-11D3-BF4B-00C04F79EFBC}") = "GridMasterConsole", "GridMasterConsole\GridMasterConsole.csproj", "{F6C5731F-F3AA-4F7E-8118-7DEF27474843}"
EndProject
Project("{FAE04EC0-301F-11D3-BF4B-00C04F79EFBC}") = "NNBroth", "NNBroth\NNBroth.csproj", "{21DD4F26-8DD5-41E6-A4D7-A61722D03299}"
EndProject
Project("{FAE04EC0-301F-11D3-BF4B-00C04F79EFBC}") = "NNBrothConsole", "NNBrothConsole\NNBrothConsole.csproj", "{300F1A51-4C92-4759-96B5-2AA65BDC9E7C}"
EndProject
Global
	GlobalSection(SolutionConfigurationPlatforms) = preSolution
		Debug|Any CPU = Debug|Any CPU
		Debug|Mixed Platforms = Debug|Mixed Platforms
		Debug|x64 = Debug|x64
		Debug|x86 = Debug|x86
		Release|Any CPU = Release|Any CPU
		Release|Mixed Platforms = Release|Mixed Platforms
		Release|x64 = Release|x64
		Release|x86 = Release|x86
	EndGlobalSection
	GlobalSection(ProjectConfigurationPlatforms) = postSolution
		{DC8D38B4-094A-4C84-9BFD-A1B64B7F7846}.Debug|Any CPU.ActiveCfg = Debug|Any CPU
		{DC8D38B4-094A-4C84-9BFD-A1B64B7F7846}.Debug|Any CPU.Build.0 = Debug|Any CPU
		{DC8D38B4-094A-4C84-9BFD-A1B64B7F7846}.Debug|Mixed Platforms.ActiveCfg = Debug|Any CPU
		{DC8D38B4-094A-4C84-9BFD-A1B64B7F7846}.Debug|Mixed Platforms.Build.0 = Debug|Any CPU
		{DC8D38B4-094A-4C84-9BFD-A1B64B7F7846}.Debug|x64.ActiveCfg = Debug|Any CPU
		{DC8D38B4-094A-4C84-9BFD-A1B64B7F7846}.Debug|x64.Build.0 = Debug|Any CPU
		{DC8D38B4-094A-4C84-9BFD-A1B64B7F7846}.Debug|x86.ActiveCfg = Debug|Any CPU
		{DC8D38B4-094A-4C84-9BFD-A1B64B7F7846}.Debug|x86.Build.0 = Debug|Any CPU
		{DC8D38B4-094A-4C84-9BFD-A1B64B7F7846}.Release|Any CPU.ActiveCfg = Release|Any CPU
		{DC8D38B4-094A-4C84-9BFD-A1B64B7F7846}.Release|Any CPU.Build.0 = Release|Any CPU
		{DC8D38B4-094A-4C84-9BFD-A1B64B7F7846}.Release|Mixed Platforms.ActiveCfg = Release|Any CPU
		{DC8D38B4-094A-4C84-9BFD-A1B64B7F7846}.Release|Mixed Platforms.Build.0 = Release|Any CPU
		{DC8D38B4-094A-4C84-9BFD-A1B64B7F7846}.Release|x64.ActiveCfg = Release|Any CPU
		{DC8D38B4-094A-4C84-9BFD-A1B64B7F7846}.Release|x64.Build.0 = Release|Any CPU
		{DC8D38B4-094A-4C84-9BFD-A1B64B7F7846}.Release|x86.ActiveCfg = Release|Any CPU
		{8C96EB4A-96B4-45C3-AF53-AC8274DDC7E7}.Debug|Any CPU.ActiveCfg = Debug|Any CPU
		{8C96EB4A-96B4-45C3-AF53-AC8274DDC7E7}.Debug|Any CPU.Build.0 = Debug|Any CPU
		{8C96EB4A-96B4-45C3-AF53-AC8274DDC7E7}.Debug|Mixed Platforms.ActiveCfg = Debug|Any CPU
		{8C96EB4A-96B4-45C3-AF53-AC8274DDC7E7}.Debug|Mixed Platforms.Build.0 = Debug|Any CPU
		{8C96EB4A-96B4-45C3-AF53-AC8274DDC7E7}.Debug|x64.ActiveCfg = Debug|Any CPU
		{8C96EB4A-96B4-45C3-AF53-AC8274DDC7E7}.Debug|x64.Build.0 = Debug|Any CPU
		{8C96EB4A-96B4-45C3-AF53-AC8274DDC7E7}.Debug|x86.ActiveCfg = Debug|Any CPU
		{8C96EB4A-96B4-45C3-AF53-AC8274DDC7E7}.Debug|x86.Build.0 = Debug|Any CPU
		{8C96EB4A-96B4-45C3-AF53-AC8274DDC7E7}.Release|Any CPU.ActiveCfg = Release|Any CPU
		{8C96EB4A-96B4-45C3-AF53-AC8274DDC7E7}.Release|Any CPU.Build.0 = Release|Any CPU
		{8C96EB4A-96B4-45C3-AF53-AC8274DDC7E7}.Release|Mixed Platforms.ActiveCfg = Release|Any CPU
		{8C96EB4A-96B4-45C3-AF53-AC8274DDC7E7}.Release|Mixed Platforms.Build.0 = Release|Any CPU
		{8C96EB4A-96B4-45C3-AF53-AC8274DDC7E7}.Release|x64.ActiveCfg = Release|Any CPU
		{8C96EB4A-96B4-45C3-AF53-AC8274DDC7E7}.Release|x64.Build.0 = Release|Any CPU
		{8C96EB4A-96B4-45C3-AF53-AC8274DDC7E7}.Release|x86.ActiveCfg = Release|Any CPU
		{3D00C783-0B14-47AD-B8AE-68081AEAF8EC}.Debug|Any CPU.ActiveCfg = Debug|Any CPU
		{3D00C783-0B14-47AD-B8AE-68081AEAF8EC}.Debug|Any CPU.Build.0 = Debug|Any CPU
		{3D00C783-0B14-47AD-B8AE-68081AEAF8EC}.Debug|Mixed Platforms.ActiveCfg = Debug|Any CPU
		{3D00C783-0B14-47AD-B8AE-68081AEAF8EC}.Debug|Mixed Platforms.Build.0 = Debug|Any CPU
		{3D00C783-0B14-47AD-B8AE-68081AEAF8EC}.Debug|x64.ActiveCfg = Debug|Any CPU
		{3D00C783-0B14-47AD-B8AE-68081AEAF8EC}.Debug|x64.Build.0 = Debug|Any CPU
		{3D00C783-0B14-47AD-B8AE-68081AEAF8EC}.Debug|x86.ActiveCfg = Debug|Any CPU
		{3D00C783-0B14-47AD-B8AE-68081AEAF8EC}.Debug|x86.Build.0 = Debug|Any CPU
		{3D00C783-0B14-47AD-B8AE-68081AEAF8EC}.Release|Any CPU.ActiveCfg = Release|Any CPU
		{3D00C783-0B14-47AD-B8AE-68081AEAF8EC}.Release|Any CPU.Build.0 = Release|Any CPU
		{3D00C783-0B14-47AD-B8AE-68081AEAF8EC}.Release|Mixed Platforms.ActiveCfg = Release|Any CPU
		{3D00C783-0B14-47AD-B8AE-68081AEAF8EC}.Release|Mixed Platforms.Build.0 = Release|Any CPU
		{3D00C783-0B14-47AD-B8AE-68081AEAF8EC}.Release|x64.ActiveCfg = Release|Any CPU
		{3D00C783-0B14-47AD-B8AE-68081AEAF8EC}.Release|x64.Build.0 = Release|Any CPU
		{3D00C783-0B14-47AD-B8AE-68081AEAF8EC}.Release|x86.ActiveCfg = Release|Any CPU
		{3B5827C5-6ADC-4CE2-8CA8-1DEA67709BF6}.Debug|Any CPU.ActiveCfg = Debug|Any CPU
		{3B5827C5-6ADC-4CE2-8CA8-1DEA67709BF6}.Debug|Any CPU.Build.0 = Debug|Any CPU
		{3B5827C5-6ADC-4CE2-8CA8-1DEA67709BF6}.Debug|Mixed Platforms.ActiveCfg = Debug|Any CPU
		{3B5827C5-6ADC-4CE2-8CA8-1DEA67709BF6}.Debug|Mixed Platforms.Build.0 = Debug|Any CPU
		{3B5827C5-6ADC-4CE2-8CA8-1DEA67709BF6}.Debug|x64.ActiveCfg = Debug|Any CPU
		{3B5827C5-6ADC-4CE2-8CA8-1DEA67709BF6}.Debug|x64.Build.0 = Debug|Any CPU
		{3B5827C5-6ADC-4CE2-8CA8-1DEA67709BF6}.Debug|x86.ActiveCfg = Debug|Any CPU
		{3B5827C5-6ADC-4CE2-8CA8-1DEA67709BF6}.Debug|x86.Build.0 = Debug|Any CPU
		{3B5827C5-6ADC-4CE2-8CA8-1DEA67709BF6}.Release|Any CPU.ActiveCfg = Release|Any CPU
		{3B5827C5-6ADC-4CE2-8CA8-1DEA67709BF6}.Release|Mixed Platforms.ActiveCfg = Release|Any CPU
		{3B5827C5-6ADC-4CE2-8CA8-1DEA67709BF6}.Release|Mixed Platforms.Build.0 = Release|Any CPU
		{3B5827C5-6ADC-4CE2-8CA8-1DEA67709BF6}.Release|x64.ActiveCfg = Release|Any CPU
		{3B5827C5-6ADC-4CE2-8CA8-1DEA67709BF6}.Release|x64.Build.0 = Release|Any CPU
		{3B5827C5-6ADC-4CE2-8CA8-1DEA67709BF6}.Release|x86.ActiveCfg = Release|Any CPU
		{3B5827C5-6ADC-4CE2-8CA8-1DEA67709BF6}.Release|x86.Build.0 = Release|Any CPU
		{3EA6658E-B016-45BC-809A-0279BE5AEC2B}.Debug|Any CPU.ActiveCfg = Debug|Any CPU
		{3EA6658E-B016-45BC-809A-0279BE5AEC2B}.Debug|Any CPU.Build.0 = Debug|Any CPU
		{3EA6658E-B016-45BC-809A-0279BE5AEC2B}.Debug|Mixed Platforms.ActiveCfg = Debug|Any CPU
		{3EA6658E-B016-45BC-809A-0279BE5AEC2B}.Debug|Mixed Platforms.Build.0 = Debug|Any CPU
		{3EA6658E-B016-45BC-809A-0279BE5AEC2B}.Debug|x64.ActiveCfg = Debug|Any CPU
		{3EA6658E-B016-45BC-809A-0279BE5AEC2B}.Debug|x64.Build.0 = Debug|Any CPU
		{3EA6658E-B016-45BC-809A-0279BE5AEC2B}.Debug|x86.ActiveCfg = Debug|Any CPU
		{3EA6658E-B016-45BC-809A-0279BE5AEC2B}.Debug|x86.Build.0 = Debug|Any CPU
		{3EA6658E-B016-45BC-809A-0279BE5AEC2B}.Release|Any CPU.ActiveCfg = Release|Any CPU
		{3EA6658E-B016-45BC-809A-0279BE5AEC2B}.Release|Any CPU.Build.0 = Release|Any CPU
		{3EA6658E-B016-45BC-809A-0279BE5AEC2B}.Release|Mixed Platforms.ActiveCfg = Release|Any CPU
		{3EA6658E-B016-45BC-809A-0279BE5AEC2B}.Release|Mixed Platforms.Build.0 = Release|Any CPU
		{3EA6658E-B016-45BC-809A-0279BE5AEC2B}.Release|x64.ActiveCfg = Release|Any CPU
		{3EA6658E-B016-45BC-809A-0279BE5AEC2B}.Release|x64.Build.0 = Release|Any CPU
		{3EA6658E-B016-45BC-809A-0279BE5AEC2B}.Release|x86.ActiveCfg = Release|Any CPU
		{3EA6658E-B016-45BC-809A-0279BE5AEC2B}.Release|x86.Build.0 = Release|Any CPU
		{23A42E30-9EA4-4BD7-A627-000DFBDC3F23}.Debug|Any CPU.ActiveCfg = Debug|Any CPU
		{23A42E30-9EA4-4BD7-A627-000DFBDC3F23}.Debug|Any CPU.Build.0 = Debug|Any CPU
		{23A42E30-9EA4-4BD7-A627-000DFBDC3F23}.Debug|Mixed Platforms.ActiveCfg = Debug|Any CPU
		{23A42E30-9EA4-4BD7-A627-000DFBDC3F23}.Debug|Mixed Platforms.Build.0 = Debug|Any CPU
		{23A42E30-9EA4-4BD7-A627-000DFBDC3F23}.Debug|x64.ActiveCfg = Debug|Any CPU
		{23A42E30-9EA4-4BD7-A627-000DFBDC3F23}.Debug|x64.Build.0 = Debug|Any CPU
		{23A42E30-9EA4-4BD7-A627-000DFBDC3F23}.Debug|x86.ActiveCfg = Debug|Any CPU
		{23A42E30-9EA4-4BD7-A627-000DFBDC3F23}.Debug|x86.Build.0 = Debug|Any CPU
		{23A42E30-9EA4-4BD7-A627-000DFBDC3F23}.Release|Any CPU.ActiveCfg = Release|Any CPU
		{23A42E30-9EA4-4BD7-A627-000DFBDC3F23}.Release|Any CPU.Build.0 = Release|Any CPU
		{23A42E30-9EA4-4BD7-A627-000DFBDC3F23}.Release|Mixed Platforms.ActiveCfg = Release|Any CPU
		{23A42E30-9EA4-4BD7-A627-000DFBDC3F23}.Release|Mixed Platforms.Build.0 = Release|Any CPU
		{23A42E30-9EA4-4BD7-A627-000DFBDC3F23}.Release|x64.ActiveCfg = Release|Any CPU
		{23A42E30-9EA4-4BD7-A627-000DFBDC3F23}.Release|x64.Build.0 = Release|Any CPU
		{23A42E30-9EA4-4BD7-A627-000DFBDC3F23}.Release|x86.ActiveCfg = Release|Any CPU
		{23A42E30-9EA4-4BD7-A627-000DFBDC3F23}.Release|x86.Build.0 = Release|Any CPU
		{CC93780F-0B62-47EA-AD24-5503B4CF513B}.Debug|Any CPU.ActiveCfg = Debug|Any CPU
		{CC93780F-0B62-47EA-AD24-5503B4CF513B}.Debug|Any CPU.Build.0 = Debug|Any CPU
		{CC93780F-0B62-47EA-AD24-5503B4CF513B}.Debug|Mixed Platforms.ActiveCfg = Debug|Any CPU
		{CC93780F-0B62-47EA-AD24-5503B4CF513B}.Debug|Mixed Platforms.Build.0 = Debug|Any CPU
		{CC93780F-0B62-47EA-AD24-5503B4CF513B}.Debug|x64.ActiveCfg = Debug|Any CPU
		{CC93780F-0B62-47EA-AD24-5503B4CF513B}.Debug|x64.Build.0 = Debug|Any CPU
		{CC93780F-0B62-47EA-AD24-5503B4CF513B}.Debug|x86.ActiveCfg = Debug|Any CPU
		{CC93780F-0B62-47EA-AD24-5503B4CF513B}.Debug|x86.Build.0 = Debug|Any CPU
		{CC93780F-0B62-47EA-AD24-5503B4CF513B}.Release|Any CPU.ActiveCfg = Release|Any CPU
		{CC93780F-0B62-47EA-AD24-5503B4CF513B}.Release|Any CPU.Build.0 = Release|Any CPU
		{CC93780F-0B62-47EA-AD24-5503B4CF513B}.Release|Mixed Platforms.ActiveCfg = Release|Any CPU
		{CC93780F-0B62-47EA-AD24-5503B4CF513B}.Release|Mixed Platforms.Build.0 = Release|Any CPU
		{CC93780F-0B62-47EA-AD24-5503B4CF513B}.Release|x64.ActiveCfg = Release|Any CPU
		{CC93780F-0B62-47EA-AD24-5503B4CF513B}.Release|x64.Build.0 = Release|Any CPU
		{CC93780F-0B62-47EA-AD24-5503B4CF513B}.Release|x86.ActiveCfg = Release|Any CPU
		{CC93780F-0B62-47EA-AD24-5503B4CF513B}.Release|x86.Build.0 = Release|Any CPU
		{7AFE90F6-694C-4963-A5DF-17CABFDE6B09}.Debug|Any CPU.ActiveCfg = Debug|Any CPU
		{7AFE90F6-694C-4963-A5DF-17CABFDE6B09}.Debug|Any CPU.Build.0 = Debug|Any CPU
		{7AFE90F6-694C-4963-A5DF-17CABFDE6B09}.Debug|Mixed Platforms.ActiveCfg = Debug|Any CPU
		{7AFE90F6-694C-4963-A5DF-17CABFDE6B09}.Debug|Mixed Platforms.Build.0 = Debug|Any CPU
		{7AFE90F6-694C-4963-A5DF-17CABFDE6B09}.Debug|x64.ActiveCfg = Debug|Any CPU
		{7AFE90F6-694C-4963-A5DF-17CABFDE6B09}.Debug|x64.Build.0 = Debug|Any CPU
		{7AFE90F6-694C-4963-A5DF-17CABFDE6B09}.Debug|x86.ActiveCfg = Debug|Any CPU
		{7AFE90F6-694C-4963-A5DF-17CABFDE6B09}.Debug|x86.Build.0 = Debug|Any CPU
		{7AFE90F6-694C-4963-A5DF-17CABFDE6B09}.Release|Any CPU.ActiveCfg = Release|Any CPU
		{7AFE90F6-694C-4963-A5DF-17CABFDE6B09}.Release|Any CPU.Build.0 = Release|Any CPU
		{7AFE90F6-694C-4963-A5DF-17CABFDE6B09}.Release|Mixed Platforms.ActiveCfg = Release|Any CPU
		{7AFE90F6-694C-4963-A5DF-17CABFDE6B09}.Release|Mixed Platforms.Build.0 = Release|Any CPU
		{7AFE90F6-694C-4963-A5DF-17CABFDE6B09}.Release|x64.ActiveCfg = Release|Any CPU
		{7AFE90F6-694C-4963-A5DF-17CABFDE6B09}.Release|x64.Build.0 = Release|Any CPU
		{7AFE90F6-694C-4963-A5DF-17CABFDE6B09}.Release|x86.ActiveCfg = Release|Any CPU
		{7AFE90F6-694C-4963-A5DF-17CABFDE6B09}.Release|x86.Build.0 = Release|Any CPU
		{F6C5731F-F3AA-4F7E-8118-7DEF27474843}.Debug|Any CPU.ActiveCfg = Debug|Any CPU
		{F6C5731F-F3AA-4F7E-8118-7DEF27474843}.Debug|Any CPU.Build.0 = Debug|Any CPU
		{F6C5731F-F3AA-4F7E-8118-7DEF27474843}.Debug|Mixed Platforms.ActiveCfg = Debug|Any CPU
		{F6C5731F-F3AA-4F7E-8118-7DEF27474843}.Debug|Mixed Platforms.Build.0 = Debug|Any CPU
		{F6C5731F-F3AA-4F7E-8118-7DEF27474843}.Debug|x64.ActiveCfg = Debug|Any CPU
		{F6C5731F-F3AA-4F7E-8118-7DEF27474843}.Debug|x64.Build.0 = Debug|Any CPU
		{F6C5731F-F3AA-4F7E-8118-7DEF27474843}.Debug|x86.ActiveCfg = Debug|Any CPU
		{F6C5731F-F3AA-4F7E-8118-7DEF27474843}.Debug|x86.Build.0 = Debug|Any CPU
		{F6C5731F-F3AA-4F7E-8118-7DEF27474843}.Release|Any CPU.ActiveCfg = Release|Any CPU
		{F6C5731F-F3AA-4F7E-8118-7DEF27474843}.Release|Any CPU.Build.0 = Release|Any CPU
		{F6C5731F-F3AA-4F7E-8118-7DEF27474843}.Release|Mixed Platforms.ActiveCfg = Release|Any CPU
		{F6C5731F-F3AA-4F7E-8118-7DEF27474843}.Release|Mixed Platforms.Build.0 = Release|Any CPU
		{F6C5731F-F3AA-4F7E-8118-7DEF27474843}.Release|x64.ActiveCfg = Release|Any CPU
		{F6C5731F-F3AA-4F7E-8118-7DEF27474843}.Release|x64.Build.0 = Release|Any CPU
		{F6C5731F-F3AA-4F7E-8118-7DEF27474843}.Release|x86.ActiveCfg = Release|Any CPU
		{F6C5731F-F3AA-4F7E-8118-7DEF27474843}.Release|x86.Build.0 = Release|Any CPU
		{21DD4F26-8DD5-41E6-A4D7-A61722D03299}.Debug|Any CPU.ActiveCfg = Debug|Any CPU
		{21DD4F26-8DD5-41E6-A4D7-A61722D03299}.Debug|Any CPU.Build.0 = Debug|Any CPU
		{21DD4F26-8DD5-41E6-A4D7-A61722D03299}.Debug|Mixed Platforms.ActiveCfg = Debug|Any CPU
		{21DD4F26-8DD5-41E6-A4D7-A61722D03299}.Debug|Mixed Platforms.Build.0 = Debug|Any CPU
		{21DD4F26-8DD5-41E6-A4D7-A61722D03299}.Debug|x64.ActiveCfg = Debug|Any CPU
		{21DD4F26-8DD5-41E6-A4D7-A61722D03299}.Debug|x64.Build.0 = Debug|Any CPU
		{21DD4F26-8DD5-41E6-A4D7-A61722D03299}.Debug|x86.ActiveCfg = Debug|Any CPU
		{21DD4F26-8DD5-41E6-A4D7-A61722D03299}.Debug|x86.Build.0 = Debug|Any CPU
		{21DD4F26-8DD5-41E6-A4D7-A61722D03299}.Release|Any CPU.ActiveCfg = Release|Any CPU
		{21DD4F26-8DD5-41E6-A4D7-A61722D03299}.Release|Any CPU.Build.0 = Release|Any CPU
		{21DD4F26-8DD5-41E6-A4D7-A61722D03299}.Release|Mixed Platforms.ActiveCfg = Release|Any CPU
		{21DD4F26-8DD5-41E6-A4D7-A61722D03299}.Release|Mixed Platforms.Build.0 = Release|Any CPU
		{21DD4F26-8DD5-41E6-A4D7-A61722D03299}.Release|x64.ActiveCfg = Release|Any CPU
		{21DD4F26-8DD5-41E6-A4D7-A61722D03299}.Release|x64.Build.0 = Release|Any CPU
		{21DD4F26-8DD5-41E6-A4D7-A61722D03299}.Release|x86.ActiveCfg = Release|Any CPU
		{21DD4F26-8DD5-41E6-A4D7-A61722D03299}.Release|x86.Build.0 = Release|Any CPU
		{300F1A51-4C92-4759-96B5-2AA65BDC9E7C}.Debug|Any CPU.ActiveCfg = Debug|Any CPU
		{300F1A51-4C92-4759-96B5-2AA65BDC9E7C}.Debug|Any CPU.Build.0 = Debug|Any CPU
		{300F1A51-4C92-4759-96B5-2AA65BDC9E7C}.Debug|Mixed Platforms.ActiveCfg = Debug|Any CPU
		{300F1A51-4C92-4759-96B5-2AA65BDC9E7C}.Debug|Mixed Platforms.Build.0 = Debug|Any CPU
		{300F1A51-4C92-4759-96B5-2AA65BDC9E7C}.Debug|x64.ActiveCfg = Debug|Any CPU
		{300F1A51-4C92-4759-96B5-2AA65BDC9E7C}.Debug|x64.Build.0 = Debug|Any CPU
		{300F1A51-4C92-4759-96B5-2AA65BDC9E7C}.Debug|x86.ActiveCfg = Debug|Any CPU
		{300F1A51-4C92-4759-96B5-2AA65BDC9E7C}.Debug|x86.Build.0 = Debug|Any CPU
		{300F1A51-4C92-4759-96B5-2AA65BDC9E7C}.Release|Any CPU.ActiveCfg = Release|Any CPU
		{300F1A51-4C92-4759-96B5-2AA65BDC9E7C}.Release|Any CPU.Build.0 = Release|Any CPU
		{300F1A51-4C92-4759-96B5-2AA65BDC9E7C}.Release|Mixed Platforms.ActiveCfg = Release|Any CPU
		{300F1A51-4C92-4759-96B5-2AA65BDC9E7C}.Release|Mixed Platforms.Build.0 = Release|Any CPU
		{300F1A51-4C92-4759-96B5-2AA65BDC9E7C}.Release|x64.ActiveCfg = Release|Any CPU
		{300F1A51-4C92-4759-96B5-2AA65BDC9E7C}.Release|x64.Build.0 = Release|Any CPU
		{300F1A51-4C92-4759-96B5-2AA65BDC9E7C}.Release|x86.ActiveCfg = Release|Any CPU
		{300F1A51-4C92-4759-96B5-2AA65BDC9E7C}.Release|x86.Build.0 = Release|Any CPU
	EndGlobalSection
	GlobalSection(SolutionProperties) = preSolution
		HideSolutionNode = FALSE
	EndGlobalSection
EndGlobal
